// !$*UTF8*$!
{
	archiveVersion = 1;
	classes = {
	};
	objectVersion = 56;
	objects = {

/* Begin PBXBuildFile section */
		CA023AAC2B60C0BD00A5AEC5 /* BullseyeApp.swift in Sources */ = {isa = PBXBuildFile; fileRef = CA023AAB2B60C0BD00A5AEC5 /* BullseyeApp.swift */; };
		CA023AAE2B60C0BD00A5AEC5 /* ContentView.swift in Sources */ = {isa = PBXBuildFile; fileRef = CA023AAD2B60C0BD00A5AEC5 /* ContentView.swift */; };
		CA023AB02B60C0BD00A5AEC5 /* Assets.xcassets in Resources */ = {isa = PBXBuildFile; fileRef = CA023AAF2B60C0BD00A5AEC5 /* Assets.xcassets */; };
		CA023AB32B60C0BD00A5AEC5 /* Preview Assets.xcassets in Resources */ = {isa = PBXBuildFile; fileRef = CA023AB22B60C0BD00A5AEC5 /* Preview Assets.xcassets */; };
		CA7BE0352B61300C007D7FC0 /* Game.swift in Sources */ = {isa = PBXBuildFile; fileRef = CA7BE0342B61300C007D7FC0 /* Game.swift */; };
		CA7BE03D2B613B67007D7FC0 /* BullseyeTests.swift in Sources */ = {isa = PBXBuildFile; fileRef = CA7BE03C2B613B67007D7FC0 /* BullseyeTests.swift */; };
		CACC57A02B6BBA1000D5B5E8 /* BackgroundView.swift in Sources */ = {isa = PBXBuildFile; fileRef = CACC579F2B6BBA1000D5B5E8 /* BackgroundView.swift */; };
		CAF4211D2B6BA61500FB8661 /* TextViews.swift in Sources */ = {isa = PBXBuildFile; fileRef = CAF4211C2B6BA61500FB8661 /* TextViews.swift */; };
		CAF4211F2B6BADF900FB8661 /* Shapes.swift in Sources */ = {isa = PBXBuildFile; fileRef = CAF4211E2B6BADF900FB8661 /* Shapes.swift */; };
		CAF421212B6BB12500FB8661 /* RoundedViews.swift in Sources */ = {isa = PBXBuildFile; fileRef = CAF421202B6BB12500FB8661 /* RoundedViews.swift */; };
/* End PBXBuildFile section */

/* Begin PBXContainerItemProxy section */
		CA7BE03E2B613B67007D7FC0 /* PBXContainerItemProxy */ = {
			isa = PBXContainerItemProxy;
			containerPortal = CA023AA02B60C0BD00A5AEC5 /* Project object */;
			proxyType = 1;
			remoteGlobalIDString = CA023AA72B60C0BD00A5AEC5;
			remoteInfo = Bullseye;
		};
/* End PBXContainerItemProxy section */

/* Begin PBXFileReference section */
		CA023AA82B60C0BD00A5AEC5 /* Bullseye.app */ = {isa = PBXFileReference; explicitFileType = wrapper.application; includeInIndex = 0; path = Bullseye.app; sourceTree = BUILT_PRODUCTS_DIR; };
		CA023AAB2B60C0BD00A5AEC5 /* BullseyeApp.swift */ = {isa = PBXFileReference; lastKnownFileType = sourcecode.swift; path = BullseyeApp.swift; sourceTree = "<group>"; };
		CA023AAD2B60C0BD00A5AEC5 /* ContentView.swift */ = {isa = PBXFileReference; lastKnownFileType = sourcecode.swift; path = ContentView.swift; sourceTree = "<group>"; };
		CA023AAF2B60C0BD00A5AEC5 /* Assets.xcassets */ = {isa = PBXFileReference; lastKnownFileType = folder.assetcatalog; path = Assets.xcassets; sourceTree = "<group>"; };
		CA023AB22B60C0BD00A5AEC5 /* Preview Assets.xcassets */ = {isa = PBXFileReference; lastKnownFileType = folder.assetcatalog; path = "Preview Assets.xcassets"; sourceTree = "<group>"; };
		CA7BE0342B61300C007D7FC0 /* Game.swift */ = {isa = PBXFileReference; lastKnownFileType = sourcecode.swift; path = Game.swift; sourceTree = "<group>"; };
		CA7BE03A2B613B67007D7FC0 /* BullseyeTests.xctest */ = {isa = PBXFileReference; explicitFileType = wrapper.cfbundle; includeInIndex = 0; path = BullseyeTests.xctest; sourceTree = BUILT_PRODUCTS_DIR; };
		CA7BE03C2B613B67007D7FC0 /* BullseyeTests.swift */ = {isa = PBXFileReference; lastKnownFileType = sourcecode.swift; path = BullseyeTests.swift; sourceTree = "<group>"; };
		CACC579F2B6BBA1000D5B5E8 /* BackgroundView.swift */ = {isa = PBXFileReference; lastKnownFileType = sourcecode.swift; path = BackgroundView.swift; sourceTree = "<group>"; };
		CAF4211C2B6BA61500FB8661 /* TextViews.swift */ = {isa = PBXFileReference; lastKnownFileType = sourcecode.swift; path = TextViews.swift; sourceTree = "<group>"; };
		CAF4211E2B6BADF900FB8661 /* Shapes.swift */ = {isa = PBXFileReference; lastKnownFileType = sourcecode.swift; path = Shapes.swift; sourceTree = "<group>"; };
		CAF421202B6BB12500FB8661 /* RoundedViews.swift */ = {isa = PBXFileReference; lastKnownFileType = sourcecode.swift; path = RoundedViews.swift; sourceTree = "<group>"; };
/* End PBXFileReference section */

/* Begin PBXFrameworksBuildPhase section */
		CA023AA52B60C0BD00A5AEC5 /* Frameworks */ = {
			isa = PBXFrameworksBuildPhase;
			buildActionMask = 2147483647;
			files = (
			);
			runOnlyForDeploymentPostprocessing = 0;
		};
		CA7BE0372B613B67007D7FC0 /* Frameworks */ = {
			isa = PBXFrameworksBuildPhase;
			buildActionMask = 2147483647;
			files = (
			);
			runOnlyForDeploymentPostprocessing = 0;
		};
/* End PBXFrameworksBuildPhase section */

/* Begin PBXGroup section */
		CA023A9F2B60C0BD00A5AEC5 = {
			isa = PBXGroup;
			children = (
				CA023AAA2B60C0BD00A5AEC5 /* Bullseye */,
				CA7BE03B2B613B67007D7FC0 /* BullseyeTests */,
				CA023AA92B60C0BD00A5AEC5 /* Products */,
			);
			sourceTree = "<group>";
		};
		CA023AA92B60C0BD00A5AEC5 /* Products */ = {
			isa = PBXGroup;
			children = (
				CA023AA82B60C0BD00A5AEC5 /* Bullseye.app */,
				CA7BE03A2B613B67007D7FC0 /* BullseyeTests.xctest */,
			);
			name = Products;
			sourceTree = "<group>";
		};
		CA023AAA2B60C0BD00A5AEC5 /* Bullseye */ = {
			isa = PBXGroup;
			children = (
				CA7BE0332B612FDC007D7FC0 /* App */,
				CA7BE0312B612FA6007D7FC0 /* Models */,
				CA7BE0322B612FBB007D7FC0 /* Views */,
				CA023AB12B60C0BD00A5AEC5 /* Preview Content */,
			);
			path = Bullseye;
			sourceTree = "<group>";
		};
		CA023AB12B60C0BD00A5AEC5 /* Preview Content */ = {
			isa = PBXGroup;
			children = (
				CA023AB22B60C0BD00A5AEC5 /* Preview Assets.xcassets */,
			);
			path = "Preview Content";
			sourceTree = "<group>";
		};
		CA7BE0312B612FA6007D7FC0 /* Models */ = {
			isa = PBXGroup;
			children = (
				CA7BE0342B61300C007D7FC0 /* Game.swift */,
			);
			path = Models;
			sourceTree = "<group>";
		};
		CA7BE0322B612FBB007D7FC0 /* Views */ = {
			isa = PBXGroup;
			children = (
				CA023AAD2B60C0BD00A5AEC5 /* ContentView.swift */,
				CAF4211C2B6BA61500FB8661 /* TextViews.swift */,
				CAF421202B6BB12500FB8661 /* RoundedViews.swift */,
				CACC579F2B6BBA1000D5B5E8 /* BackgroundView.swift */,
				CAF4211E2B6BADF900FB8661 /* Shapes.swift */,
			);
			path = Views;
			sourceTree = "<group>";
		};
		CA7BE0332B612FDC007D7FC0 /* App */ = {
			isa = PBXGroup;
			children = (
				CA023AAB2B60C0BD00A5AEC5 /* BullseyeApp.swift */,
				CA023AAF2B60C0BD00A5AEC5 /* Assets.xcassets */,
			);
			path = App;
			sourceTree = "<group>";
		};
		CA7BE03B2B613B67007D7FC0 /* BullseyeTests */ = {
			isa = PBXGroup;
			children = (
				CA7BE03C2B613B67007D7FC0 /* BullseyeTests.swift */,
			);
			path = BullseyeTests;
			sourceTree = "<group>";
		};
/* End PBXGroup section */

/* Begin PBXNativeTarget section */
		CA023AA72B60C0BD00A5AEC5 /* Bullseye */ = {
			isa = PBXNativeTarget;
			buildConfigurationList = CA023AB62B60C0BD00A5AEC5 /* Build configuration list for PBXNativeTarget "Bullseye" */;
			buildPhases = (
				CA023AA42B60C0BD00A5AEC5 /* Sources */,
				CA023AA52B60C0BD00A5AEC5 /* Frameworks */,
				CA023AA62B60C0BD00A5AEC5 /* Resources */,
			);
			buildRules = (
			);
			dependencies = (
			);
			name = Bullseye;
			productName = Bullseye;
			productReference = CA023AA82B60C0BD00A5AEC5 /* Bullseye.app */;
			productType = "com.apple.product-type.application";
		};
		CA7BE0392B613B67007D7FC0 /* BullseyeTests */ = {
			isa = PBXNativeTarget;
			buildConfigurationList = CA7BE0402B613B67007D7FC0 /* Build configuration list for PBXNativeTarget "BullseyeTests" */;
			buildPhases = (
				CA7BE0362B613B67007D7FC0 /* Sources */,
				CA7BE0372B613B67007D7FC0 /* Frameworks */,
				CA7BE0382B613B67007D7FC0 /* Resources */,
			);
			buildRules = (
			);
			dependencies = (
				CA7BE03F2B613B67007D7FC0 /* PBXTargetDependency */,
			);
			name = BullseyeTests;
			productName = BullseyeTests;
			productReference = CA7BE03A2B613B67007D7FC0 /* BullseyeTests.xctest */;
			productType = "com.apple.product-type.bundle.unit-test";
		};
/* End PBXNativeTarget section */

/* Begin PBXProject section */
		CA023AA02B60C0BD00A5AEC5 /* Project object */ = {
			isa = PBXProject;
			attributes = {
				BuildIndependentTargetsInParallel = 1;
				LastSwiftUpdateCheck = 1520;
				LastUpgradeCheck = 1520;
				TargetAttributes = {
					CA023AA72B60C0BD00A5AEC5 = {
						CreatedOnToolsVersion = 15.2;
					};
					CA7BE0392B613B67007D7FC0 = {
						CreatedOnToolsVersion = 15.2;
						TestTargetID = CA023AA72B60C0BD00A5AEC5;
					};
				};
			};
			buildConfigurationList = CA023AA32B60C0BD00A5AEC5 /* Build configuration list for PBXProject "Bullseye" */;
			compatibilityVersion = "Xcode 14.0";
			developmentRegion = en;
			hasScannedForEncodings = 0;
			knownRegions = (
				en,
				Base,
			);
			mainGroup = CA023A9F2B60C0BD00A5AEC5;
			productRefGroup = CA023AA92B60C0BD00A5AEC5 /* Products */;
			projectDirPath = "";
			projectRoot = "";
			targets = (
				CA023AA72B60C0BD00A5AEC5 /* Bullseye */,
				CA7BE0392B613B67007D7FC0 /* BullseyeTests */,
			);
		};
/* End PBXProject section */

/* Begin PBXResourcesBuildPhase section */
		CA023AA62B60C0BD00A5AEC5 /* Resources */ = {
			isa = PBXResourcesBuildPhase;
			buildActionMask = 2147483647;
			files = (
				CA023AB32B60C0BD00A5AEC5 /* Preview Assets.xcassets in Resources */,
				CA023AB02B60C0BD00A5AEC5 /* Assets.xcassets in Resources */,
			);
			runOnlyForDeploymentPostprocessing = 0;
		};
		CA7BE0382B613B67007D7FC0 /* Resources */ = {
			isa = PBXResourcesBuildPhase;
			buildActionMask = 2147483647;
			files = (
			);
			runOnlyForDeploymentPostprocessing = 0;
		};
/* End PBXResourcesBuildPhase section */

/* Begin PBXSourcesBuildPhase section */
		CA023AA42B60C0BD00A5AEC5 /* Sources */ = {
			isa = PBXSourcesBuildPhase;
			buildActionMask = 2147483647;
			files = (
				CAF421212B6BB12500FB8661 /* RoundedViews.swift in Sources */,
				CA023AAE2B60C0BD00A5AEC5 /* ContentView.swift in Sources */,
				CAF4211D2B6BA61500FB8661 /* TextViews.swift in Sources */,
				CACC57A02B6BBA1000D5B5E8 /* BackgroundView.swift in Sources */,
				CAF4211F2B6BADF900FB8661 /* Shapes.swift in Sources */,
				CA7BE0352B61300C007D7FC0 /* Game.swift in Sources */,
				CA023AAC2B60C0BD00A5AEC5 /* BullseyeApp.swift in Sources */,
			);
			runOnlyForDeploymentPostprocessing = 0;
		};
		CA7BE0362B613B67007D7FC0 /* Sources */ = {
			isa = PBXSourcesBuildPhase;
			buildActionMask = 2147483647;
			files = (
				CA7BE03D2B613B67007D7FC0 /* BullseyeTests.swift in Sources */,
			);
			runOnlyForDeploymentPostprocessing = 0;
		};
/* End PBXSourcesBuildPhase section */

/* Begin PBXTargetDependency section */
		CA7BE03F2B613B67007D7FC0 /* PBXTargetDependency */ = {
			isa = PBXTargetDependency;
			target = CA023AA72B60C0BD00A5AEC5 /* Bullseye */;
			targetProxy = CA7BE03E2B613B67007D7FC0 /* PBXContainerItemProxy */;
		};
/* End PBXTargetDependency section */

/* Begin XCBuildConfiguration section */
		CA023AB42B60C0BD00A5AEC5 /* Debug */ = {
			isa = XCBuildConfiguration;
			buildSettings = {
				ALWAYS_SEARCH_USER_PATHS = NO;
				ASSETCATALOG_COMPILER_GENERATE_SWIFT_ASSET_SYMBOL_EXTENSIONS = YES;
				CLANG_ANALYZER_NONNULL = YES;
				CLANG_ANALYZER_NUMBER_OBJECT_CONVERSION = YES_AGGRESSIVE;
				CLANG_CXX_LANGUAGE_STANDARD = "gnu++20";
				CLANG_ENABLE_MODULES = YES;
				CLANG_ENABLE_OBJC_ARC = YES;
				CLANG_ENABLE_OBJC_WEAK = YES;
				CLANG_WARN_BLOCK_CAPTURE_AUTORELEASING = YES;
				CLANG_WARN_BOOL_CONVERSION = YES;
				CLANG_WARN_COMMA = YES;
				CLANG_WARN_CONSTANT_CONVERSION = YES;
				CLANG_WARN_DEPRECATED_OBJC_IMPLEMENTATIONS = YES;
				CLANG_WARN_DIRECT_OBJC_ISA_USAGE = YES_ERROR;
				CLANG_WARN_DOCUMENTATION_COMMENTS = YES;
				CLANG_WARN_EMPTY_BODY = YES;
				CLANG_WARN_ENUM_CONVERSION = YES;
				CLANG_WARN_INFINITE_RECURSION = YES;
				CLANG_WARN_INT_CONVERSION = YES;
				CLANG_WARN_NON_LITERAL_NULL_CONVERSION = YES;
				CLANG_WARN_OBJC_IMPLICIT_RETAIN_SELF = YES;
				CLANG_WARN_OBJC_LITERAL_CONVERSION = YES;
				CLANG_WARN_OBJC_ROOT_CLASS = YES_ERROR;
				CLANG_WARN_QUOTED_INCLUDE_IN_FRAMEWORK_HEADER = YES;
				CLANG_WARN_RANGE_LOOP_ANALYSIS = YES;
				CLANG_WARN_STRICT_PROTOTYPES = YES;
				CLANG_WARN_SUSPICIOUS_MOVE = YES;
				CLANG_WARN_UNGUARDED_AVAILABILITY = YES_AGGRESSIVE;
				CLANG_WARN_UNREACHABLE_CODE = YES;
				CLANG_WARN__DUPLICATE_METHOD_MATCH = YES;
				COPY_PHASE_STRIP = NO;
				DEBUG_INFORMATION_FORMAT = dwarf;
				ENABLE_STRICT_OBJC_MSGSEND = YES;
				ENABLE_TESTABILITY = YES;
				ENABLE_USER_SCRIPT_SANDBOXING = YES;
				GCC_C_LANGUAGE_STANDARD = gnu17;
				GCC_DYNAMIC_NO_PIC = NO;
				GCC_NO_COMMON_BLOCKS = YES;
				GCC_OPTIMIZATION_LEVEL = 0;
				GCC_PREPROCESSOR_DEFINITIONS = (
					"DEBUG=1",
					"$(inherited)",
				);
				GCC_WARN_64_TO_32_BIT_CONVERSION = YES;
				GCC_WARN_ABOUT_RETURN_TYPE = YES_ERROR;
				GCC_WARN_UNDECLARED_SELECTOR = YES;
				GCC_WARN_UNINITIALIZED_AUTOS = YES_AGGRESSIVE;
				GCC_WARN_UNUSED_FUNCTION = YES;
				GCC_WARN_UNUSED_VARIABLE = YES;
				IPHONEOS_DEPLOYMENT_TARGET = 17.2;
				LOCALIZATION_PREFERS_STRING_CATALOGS = YES;
				MTL_ENABLE_DEBUG_INFO = INCLUDE_SOURCE;
				MTL_FAST_MATH = YES;
				ONLY_ACTIVE_ARCH = YES;
				SDKROOT = iphoneos;
				SWIFT_ACTIVE_COMPILATION_CONDITIONS = "DEBUG $(inherited)";
				SWIFT_OPTIMIZATION_LEVEL = "-Onone";
			};
			name = Debug;
		};
		CA023AB52B60C0BD00A5AEC5 /* Release */ = {
			isa = XCBuildConfiguration;
			buildSettings = {
				ALWAYS_SEARCH_USER_PATHS = NO;
				ASSETCATALOG_COMPILER_GENERATE_SWIFT_ASSET_SYMBOL_EXTENSIONS = YES;
				CLANG_ANALYZER_NONNULL = YES;
				CLANG_ANALYZER_NUMBER_OBJECT_CONVERSION = YES_AGGRESSIVE;
				CLANG_CXX_LANGUAGE_STANDARD = "gnu++20";
				CLANG_ENABLE_MODULES = YES;
				CLANG_ENABLE_OBJC_ARC = YES;
				CLANG_ENABLE_OBJC_WEAK = YES;
				CLANG_WARN_BLOCK_CAPTURE_AUTORELEASING = YES;
				CLANG_WARN_BOOL_CONVERSION = YES;
				CLANG_WARN_COMMA = YES;
				CLANG_WARN_CONSTANT_CONVERSION = YES;
				CLANG_WARN_DEPRECATED_OBJC_IMPLEMENTATIONS = YES;
				CLANG_WARN_DIRECT_OBJC_ISA_USAGE = YES_ERROR;
				CLANG_WARN_DOCUMENTATION_COMMENTS = YES;
				CLANG_WARN_EMPTY_BODY = YES;
				CLANG_WARN_ENUM_CONVERSION = YES;
				CLANG_WARN_INFINITE_RECURSION = YES;
				CLANG_WARN_INT_CONVERSION = YES;
				CLANG_WARN_NON_LITERAL_NULL_CONVERSION = YES;
				CLANG_WARN_OBJC_IMPLICIT_RETAIN_SELF = YES;
				CLANG_WARN_OBJC_LITERAL_CONVERSION = YES;
				CLANG_WARN_OBJC_ROOT_CLASS = YES_ERROR;
				CLANG_WARN_QUOTED_INCLUDE_IN_FRAMEWORK_HEADER = YES;
				CLANG_WARN_RANGE_LOOP_ANALYSIS = YES;
				CLANG_WARN_STRICT_PROTOTYPES = YES;
				CLANG_WARN_SUSPICIOUS_MOVE = YES;
				CLANG_WARN_UNGUARDED_AVAILABILITY = YES_AGGRESSIVE;
				CLANG_WARN_UNREACHABLE_CODE = YES;
				CLANG_WARN__DUPLICATE_METHOD_MATCH = YES;
				COPY_PHASE_STRIP = NO;
				DEBUG_INFORMATION_FORMAT = "dwarf-with-dsym";
				ENABLE_NS_ASSERTIONS = NO;
				ENABLE_STRICT_OBJC_MSGSEND = YES;
				ENABLE_USER_SCRIPT_SANDBOXING = YES;
				GCC_C_LANGUAGE_STANDARD = gnu17;
				GCC_NO_COMMON_BLOCKS = YES;
				GCC_WARN_64_TO_32_BIT_CONVERSION = YES;
				GCC_WARN_ABOUT_RETURN_TYPE = YES_ERROR;
				GCC_WARN_UNDECLARED_SELECTOR = YES;
				GCC_WARN_UNINITIALIZED_AUTOS = YES_AGGRESSIVE;
				GCC_WARN_UNUSED_FUNCTION = YES;
				GCC_WARN_UNUSED_VARIABLE = YES;
				IPHONEOS_DEPLOYMENT_TARGET = 17.2;
				LOCALIZATION_PREFERS_STRING_CATALOGS = YES;
				MTL_ENABLE_DEBUG_INFO = NO;
				MTL_FAST_MATH = YES;
				SDKROOT = iphoneos;
				SWIFT_COMPILATION_MODE = wholemodule;
				VALIDATE_PRODUCT = YES;
			};
			name = Release;
		};
		CA023AB72B60C0BD00A5AEC5 /* Debug */ = {
			isa = XCBuildConfiguration;
			buildSettings = {
				ASSETCATALOG_COMPILER_APPICON_NAME = AppIcon;
				ASSETCATALOG_COMPILER_GLOBAL_ACCENT_COLOR_NAME = AccentColor;
				CODE_SIGN_STYLE = Automatic;
				CURRENT_PROJECT_VERSION = 1;
				DEVELOPMENT_ASSET_PATHS = "\"Bullseye/Preview Content\"";
				DEVELOPMENT_TEAM = YU5RM84NC9;
				ENABLE_PREVIEWS = YES;
				GENERATE_INFOPLIST_FILE = YES;
				INFOPLIST_KEY_UIApplicationSceneManifest_Generation = YES;
				INFOPLIST_KEY_UIApplicationSupportsIndirectInputEvents = YES;
				INFOPLIST_KEY_UILaunchScreen_Generation = YES;
				INFOPLIST_KEY_UISupportedInterfaceOrientations_iPad = "UIInterfaceOrientationPortrait UIInterfaceOrientationPortraitUpsideDown UIInterfaceOrientationLandscapeLeft UIInterfaceOrientationLandscapeRight";
				INFOPLIST_KEY_UISupportedInterfaceOrientations_iPhone = "UIInterfaceOrientationPortrait UIInterfaceOrientationLandscapeLeft UIInterfaceOrientationLandscapeRight";
				LD_RUNPATH_SEARCH_PATHS = (
					"$(inherited)",
					"@executable_path/Frameworks",
				);
				MARKETING_VERSION = 1.0;
				PRODUCT_BUNDLE_IDENTIFIER = com.letsgobjones.Bullseye;
				PRODUCT_NAME = "$(TARGET_NAME)";
				SWIFT_EMIT_LOC_STRINGS = YES;
				SWIFT_VERSION = 5.0;
				TARGETED_DEVICE_FAMILY = "1,2";
			};
			name = Debug;
		};
		CA023AB82B60C0BD00A5AEC5 /* Release */ = {
			isa = XCBuildConfiguration;
			buildSettings = {
				ASSETCATALOG_COMPILER_APPICON_NAME = AppIcon;
				ASSETCATALOG_COMPILER_GLOBAL_ACCENT_COLOR_NAME = AccentColor;
				CODE_SIGN_STYLE = Automatic;
				CURRENT_PROJECT_VERSION = 1;
				DEVELOPMENT_ASSET_PATHS = "\"Bullseye/Preview Content\"";
				DEVELOPMENT_TEAM = YU5RM84NC9;
				ENABLE_PREVIEWS = YES;
				GENERATE_INFOPLIST_FILE = YES;
				INFOPLIST_KEY_UIApplicationSceneManifest_Generation = YES;
				INFOPLIST_KEY_UIApplicationSupportsIndirectInputEvents = YES;
				INFOPLIST_KEY_UILaunchScreen_Generation = YES;
				INFOPLIST_KEY_UISupportedInterfaceOrientations_iPad = "UIInterfaceOrientationPortrait UIInterfaceOrientationPortraitUpsideDown UIInterfaceOrientationLandscapeLeft UIInterfaceOrientationLandscapeRight";
				INFOPLIST_KEY_UISupportedInterfaceOrientations_iPhone = "UIInterfaceOrientationPortrait UIInterfaceOrientationLandscapeLeft UIInterfaceOrientationLandscapeRight";
				LD_RUNPATH_SEARCH_PATHS = (
					"$(inherited)",
					"@executable_path/Frameworks",
				);
				MARKETING_VERSION = 1.0;
				PRODUCT_BUNDLE_IDENTIFIER = com.letsgobjones.Bullseye;
				PRODUCT_NAME = "$(TARGET_NAME)";
				SWIFT_EMIT_LOC_STRINGS = YES;
				SWIFT_VERSION = 5.0;
				TARGETED_DEVICE_FAMILY = "1,2";
			};
			name = Release;
		};
		CA7BE0412B613B67007D7FC0 /* Debug */ = {
			isa = XCBuildConfiguration;
			buildSettings = {
				BUNDLE_LOADER = "$(TEST_HOST)";
				CODE_SIGN_STYLE = Automatic;
				CURRENT_PROJECT_VERSION = 1;
				DEVELOPMENT_TEAM = YU5RM84NC9;
				GENERATE_INFOPLIST_FILE = YES;
				IPHONEOS_DEPLOYMENT_TARGET = 17.2;
				MACOSX_DEPLOYMENT_TARGET = 14.1;
				MARKETING_VERSION = 1.0;
				PRODUCT_BUNDLE_IDENTIFIER = com.letsgobjones.BullseyeTests;
				PRODUCT_NAME = "$(TARGET_NAME)";
				SDKROOT = auto;
				SUPPORTED_PLATFORMS = "iphoneos iphonesimulator macosx";
				SWIFT_EMIT_LOC_STRINGS = NO;
				SWIFT_VERSION = 5.0;
				TARGETED_DEVICE_FAMILY = "1,2";
				TEST_HOST = "$(BUILT_PRODUCTS_DIR)/Bullseye.app/$(BUNDLE_EXECUTABLE_FOLDER_PATH)/Bullseye";
			};
			name = Debug;
		};
		CA7BE0422B613B67007D7FC0 /* Release */ = {
			isa = XCBuildConfiguration;
			buildSettings = {
				BUNDLE_LOADER = "$(TEST_HOST)";
				CODE_SIGN_STYLE = Automatic;
				CURRENT_PROJECT_VERSION = 1;
				DEVELOPMENT_TEAM = YU5RM84NC9;
				GENERATE_INFOPLIST_FILE = YES;
				IPHONEOS_DEPLOYMENT_TARGET = 17.2;
				MACOSX_DEPLOYMENT_TARGET = 14.1;
				MARKETING_VERSION = 1.0;
				PRODUCT_BUNDLE_IDENTIFIER = com.letsgobjones.BullseyeTests;
				PRODUCT_NAME = "$(TARGET_NAME)";
				SDKROOT = auto;
				SUPPORTED_PLATFORMS = "iphoneos iphonesimulator macosx";
				SWIFT_EMIT_LOC_STRINGS = NO;
				SWIFT_VERSION = 5.0;
				TARGETED_DEVICE_FAMILY = "1,2";
				TEST_HOST = "$(BUILT_PRODUCTS_DIR)/Bullseye.app/$(BUNDLE_EXECUTABLE_FOLDER_PATH)/Bullseye";
			};
			name = Release;
		};
/* End XCBuildConfiguration section */

/* Begin XCConfigurationList section */
		CA023AA32B60C0BD00A5AEC5 /* Build configuration list for PBXProject "Bullseye" */ = {
			isa = XCConfigurationList;
			buildConfigurations = (
				CA023AB42B60C0BD00A5AEC5 /* Debug */,
				CA023AB52B60C0BD00A5AEC5 /* Release */,
			);
			defaultConfigurationIsVisible = 0;
			defaultConfigurationName = Release;
		};
		CA023AB62B60C0BD00A5AEC5 /* Build configuration list for PBXNativeTarget "Bullseye" */ = {
			isa = XCConfigurationList;
			buildConfigurations = (
				CA023AB72B60C0BD00A5AEC5 /* Debug */,
				CA023AB82B60C0BD00A5AEC5 /* Release */,
			);
			defaultConfigurationIsVisible = 0;
			defaultConfigurationName = Release;
		};
		CA7BE0402B613B67007D7FC0 /* Build configuration list for PBXNativeTarget "BullseyeTests" */ = {
			isa = XCConfigurationList;
			buildConfigurations = (
				CA7BE0412B613B67007D7FC0 /* Debug */,
				CA7BE0422B613B67007D7FC0 /* Release */,
			);
			defaultConfigurationIsVisible = 0;
			defaultConfigurationName = Release;
		};
/* End XCConfigurationList section */
	};
	rootObject = CA023AA02B60C0BD00A5AEC5 /* Project object */;
}
